
Microsoft Visual Studio Solution File, Format Version 12.00
# Visual Studio Version 16
VisualStudioVersion = 16.0.31729.503
MinimumVisualStudioVersion = 10.0.40219.1
Project("{FAE04EC0-301F-11D3-BF4B-00C04F79EFBC}") = "Sort Algorithm", "Sort Algorithm.csproj", "{1EAB0226-E10E-409D-BE97-5BAE6A84ACA6}"
EndProject
Global
	GlobalSection(SolutionConfigurationPlatforms) = preSolution
		Debug|Any CPU = Debug|Any CPU
		Release|Any CPU = Release|Any CPU
	EndGlobalSection
	GlobalSection(ProjectConfigurationPlatforms) = postSolution
		{1EAB0226-E10E-409D-BE97-5BAE6A84ACA6}.Debug|Any CPU.ActiveCfg = Debug|Any CPU
		{1EAB0226-E10E-409D-BE97-5BAE6A84ACA6}.Debug|Any CPU.Build.0 = Debug|Any CPU
		{1EAB0226-E10E-409D-BE97-5BAE6A84ACA6}.Release|Any CPU.ActiveCfg = Release|Any CPU
		{1EAB0226-E10E-409D-BE97-5BAE6A84ACA6}.Release|Any CPU.Build.0 = Release|Any CPU
	EndGlobalSection
	GlobalSection(SolutionProperties) = preSolution
		HideSolutionNode = FALSE
	EndGlobalSection
	GlobalSection(ExtensibilityGlobals) = postSolution
		SolutionGuid = {5065994C-B3B0-47FD-8E01-B7B9E67C6CE0}
	EndGlobalSection
EndGlobal
